PODS:
  - Flutter (1.0.0)
  - flutter_mapbox_navigation (0.1.0):
    - Flutter
    - MapboxCoreNavigation (~> 2.10.0)
    - MapboxNavigation (~> 2.10.0)
  - mapbox_maps_flutter (0.4.2):
    - Flutter
    - MapboxMaps (~> 10.10.0)
  - MapboxCommon (23.2.3)
  - MapboxCoreMaps (10.10.0):
    - MapboxCommon (~> 23.2)
  - MapboxCoreNavigation (2.10.0):
    - MapboxDirections (~> 2.9.1)
    - MapboxMobileEvents (~> 1.0)
    - MapboxNavigationNative (~> 123.2)
  - MapboxDirections (2.9.1):
    - Polyline (~> 5.0)
    - Turf (~> 2.6.1)
  - MapboxMaps (10.10.2):
    - MapboxCommon (= 23.2.3)
    - MapboxCoreMaps (= 10.10.0)
    - MapboxMobileEvents (= 1.0.10)
    - Turf (~> 2.0)
  - MapboxMobileEvents (1.0.10)
  - MapboxNavigation (2.10.0):
    - MapboxCoreNavigation (= 2.10.0)
    - MapboxMaps (~> 10.10)
    - MapboxMobileEvents (~> 1.0)
    - MapboxSpeech (~> 2.0)
    - Solar-dev (~> 3.0)
  - MapboxNavigationNative (123.3.3):
    - MapboxCommon (~> 23.2)
  - MapboxSpeech (2.1.1)
  - Polyline (5.1.0)
  - Solar-dev (3.0.1)
  - Turf (2.6.1)

DEPENDENCIES:
  - Flutter (from `Flutter`)
  - flutter_mapbox_navigation (from `.symlinks/plugins/flutter_mapbox_navigation/ios`)
  - mapbox_maps_flutter (from `.symlinks/plugins/mapbox_maps_flutter/ios`)

SPEC REPOS:
  trunk:
    - MapboxCommon
    - MapboxCoreMaps
    - MapboxCoreNavigation
    - MapboxDirections
    - MapboxMaps
    - MapboxMobileEvents
    - MapboxNavigation
    - MapboxNavigationNative
    - MapboxSpeech
    - Polyline
    - Solar-dev
    - Turf

EXTERNAL SOURCES:
  Flutter:
    :path: Flutter
  flutter_mapbox_navigation:
    :path: ".symlinks/plugins/flutter_mapbox_navigation/ios"
  mapbox_maps_flutter:
    :path: ".symlinks/plugins/mapbox_maps_flutter/ios"

SPEC CHECKSUMS:
  Flutter: f04841e97a9d0b0a8025694d0796dd46242b2854
  flutter_mapbox_navigation: a8a6c1e2df2031799440cb3f562addf7eae039c8
  mapbox_maps_flutter: be1a16ff33006fff69d5c21b1cec8ed82be9c02d
  MapboxCommon: e7948335faacbe6f8b9b115511fd0dd0354bf565
  MapboxCoreMaps: 4075a9e415b9b3ab6229d09623fef5f791826a5b
  MapboxCoreNavigation: 2934eedbdee8637c84b8c418ecde5eb32d710ec2
  MapboxDirections: 7bc4a887fd214052c7df5a5ed3f87ea4cbe37e54
  MapboxMaps: d8cf7d214d94ec18790c338f3a3fe59dd4048e97
  MapboxMobileEvents: de50b3a4de180dd129c326e09cd12c8adaaa46d6
  MapboxNavigation: e5e91d7dd4c79b151417074575f76647062f78b3
  MapboxNavigationNative: 4c1c06c0396440cd2481d0983b5864eeb36782a2
  MapboxSpeech: cd25ef99c3a3d2e0da72620ff558276ea5991a77
  Polyline: 2a1f29f87f8d9b7de868940f4f76deb8c678a5b1
  Solar-dev: 4612dc9878b9fed2667d23b327f1d4e54e16e8d0
  Turf: 469ce2c3d22e5e8e4818d5a3b254699a5c89efa4

PODFILE CHECKSUM: 4e8f8b2be68aeea4c0d5beb6ff1e79fface1d048

COCOAPODS: 1.11.3
